
Microsoft Visual Studio Solution File, Format Version 12.00
# Visual Studio Version 16
VisualStudioVersion = 16.0.30804.86
MinimumVisualStudioVersion = 10.0.40219.1
Project("{FAE04EC0-301F-11D3-BF4B-00C04F79EFBC}") = "TestGitDemo", "TestGitDemo\TestGitDemo.csproj", "{392DF95D-8D81-4C7B-A703-229FC617354D}"
EndProject
Global
	GlobalSection(SolutionConfigurationPlatforms) = preSolution
		Debug|Any CPU = Debug|Any CPU
		Release|Any CPU = Release|Any CPU
	EndGlobalSection
	GlobalSection(ProjectConfigurationPlatforms) = postSolution
		{392DF95D-8D81-4C7B-A703-229FC617354D}.Debug|Any CPU.ActiveCfg = Debug|Any CPU
		{392DF95D-8D81-4C7B-A703-229FC617354D}.Debug|Any CPU.Build.0 = Debug|Any CPU
		{392DF95D-8D81-4C7B-A703-229FC617354D}.Release|Any CPU.ActiveCfg = Release|Any CPU
		{392DF95D-8D81-4C7B-A703-229FC617354D}.Release|Any CPU.Build.0 = Release|Any CPU
	EndGlobalSection
	GlobalSection(SolutionProperties) = preSolution
		HideSolutionNode = FALSE
	EndGlobalSection
	GlobalSection(ExtensibilityGlobals) = postSolution
		SolutionGuid = {3200784D-6DEF-49C2-B54B-5CE70C8E0998}
	EndGlobalSection
EndGlobal
